# THIS IS AN AUTOGENERATED FILE. DO NOT EDIT THIS FILE DIRECTLY.
# yarn lockfile v1


"@types/systemjs@^6.1.1":
  version "6.1.1"
  resolved "https://registry.yarnpkg.com/@types/systemjs/-/systemjs-6.1.1.tgz#eae17f2a080e867d01a2dd614f524ab227cf5a41"
  integrity sha512-d1M6eDKBGWx7RbYy295VEFoOF9YDJkPI959QYnmzcmeaV+SP4D0xV7dEh3sN5XF3GvO3PhGzm+17Z598nvHQuQ==
